
Microsoft Visual Studio Solution File, Format Version 12.00
Project("{FAE04EC0-301F-11D3-BF4B-00C04F79EFBC}") = "IoCTools.Generator", "IoCTools.Generator\IoCTools.Generator\IoCTools.Generator.csproj", "{ABDDF82E-793B-4CFF-9E13-6844EC925B4F}"
EndProject
Project("{FAE04EC0-301F-11D3-BF4B-00C04F79EFBC}") = "IoCTools.Sample", "IoCTools.Generator\IoCTools.Sample\IoCTools.Sample.csproj", "{4D13B04F-8C2C-4D3D-9DC1-32BF369FE646}"
EndProject
Project("{FAE04EC0-301F-11D3-BF4B-00C04F79EFBC}") = "IoCTools.Abstractions", "IoCTools.Abstractions\IoCTools.Abstractions.csproj", "{5DEFFA6E-2356-4CF1-8744-B00018DCDBD2}"
EndProject
Global
	GlobalSection(SolutionConfigurationPlatforms) = preSolution
		Debug|Any CPU = Debug|Any CPU
		Release|Any CPU = Release|Any CPU
	EndGlobalSection
	GlobalSection(ProjectConfigurationPlatforms) = postSolution
		{ABDDF82E-793B-4CFF-9E13-6844EC925B4F}.Debug|Any CPU.ActiveCfg = Debug|Any CPU
		{ABDDF82E-793B-4CFF-9E13-6844EC925B4F}.Debug|Any CPU.Build.0 = Debug|Any CPU
		{ABDDF82E-793B-4CFF-9E13-6844EC925B4F}.Release|Any CPU.ActiveCfg = Release|Any CPU
		{ABDDF82E-793B-4CFF-9E13-6844EC925B4F}.Release|Any CPU.Build.0 = Release|Any CPU
		{4D13B04F-8C2C-4D3D-9DC1-32BF369FE646}.Debug|Any CPU.ActiveCfg = Debug|Any CPU
		{4D13B04F-8C2C-4D3D-9DC1-32BF369FE646}.Debug|Any CPU.Build.0 = Debug|Any CPU
		{4D13B04F-8C2C-4D3D-9DC1-32BF369FE646}.Release|Any CPU.ActiveCfg = Release|Any CPU
		{4D13B04F-8C2C-4D3D-9DC1-32BF369FE646}.Release|Any CPU.Build.0 = Release|Any CPU
		{5DEFFA6E-2356-4CF1-8744-B00018DCDBD2}.Debug|Any CPU.ActiveCfg = Debug|Any CPU
		{5DEFFA6E-2356-4CF1-8744-B00018DCDBD2}.Debug|Any CPU.Build.0 = Debug|Any CPU
		{5DEFFA6E-2356-4CF1-8744-B00018DCDBD2}.Release|Any CPU.ActiveCfg = Release|Any CPU
		{5DEFFA6E-2356-4CF1-8744-B00018DCDBD2}.Release|Any CPU.Build.0 = Release|Any CPU
	EndGlobalSection
EndGlobal
