
Microsoft Visual Studio Solution File, Format Version 12.00
Project("{FAE04EC0-301F-11D3-BF4B-00C04F79EFBC}") = "IoCTools.Generator", "IoCTools.Generator\IoCTools.Generator\IoCTools.Generator.csproj", "{ABDDF82E-793B-4CFF-9E13-6844EC925B4F}"
EndProject
Project("{FAE04EC0-301F-11D3-BF4B-00C04F79EFBC}") = "IoCTools.Abstractions", "IoCTools.Abstractions\IoCTools.Abstractions.csproj", "{5DEFFA6E-2356-4CF1-8744-B00018DCDBD2}"
EndProject
Project("{FAE04EC0-301F-11D3-BF4B-00C04F79EFBC}") = "IoCTools.Sample", "IoCTools.Sample\IoCTools.Sample.csproj", "{1A02F9EB-0052-45BD-8D17-D27E4CC4CB13}"
EndProject
Global
	GlobalSection(SolutionConfigurationPlatforms) = preSolution
		Debug|Any CPU = Debug|Any CPU
		Release|Any CPU = Release|Any CPU
	EndGlobalSection
	GlobalSection(ProjectConfigurationPlatforms) = postSolution
		{ABDDF82E-793B-4CFF-9E13-6844EC925B4F}.Debug|Any CPU.ActiveCfg = Debug|Any CPU
		{ABDDF82E-793B-4CFF-9E13-6844EC925B4F}.Debug|Any CPU.Build.0 = Debug|Any CPU
		{ABDDF82E-793B-4CFF-9E13-6844EC925B4F}.Release|Any CPU.ActiveCfg = Release|Any CPU
		{ABDDF82E-793B-4CFF-9E13-6844EC925B4F}.Release|Any CPU.Build.0 = Release|Any CPU
		{5DEFFA6E-2356-4CF1-8744-B00018DCDBD2}.Debug|Any CPU.ActiveCfg = Debug|Any CPU
		{5DEFFA6E-2356-4CF1-8744-B00018DCDBD2}.Debug|Any CPU.Build.0 = Debug|Any CPU
		{5DEFFA6E-2356-4CF1-8744-B00018DCDBD2}.Release|Any CPU.ActiveCfg = Release|Any CPU
		{5DEFFA6E-2356-4CF1-8744-B00018DCDBD2}.Release|Any CPU.Build.0 = Release|Any CPU
		{1A02F9EB-0052-45BD-8D17-D27E4CC4CB13}.Debug|Any CPU.ActiveCfg = Debug|Any CPU
		{1A02F9EB-0052-45BD-8D17-D27E4CC4CB13}.Debug|Any CPU.Build.0 = Debug|Any CPU
		{1A02F9EB-0052-45BD-8D17-D27E4CC4CB13}.Release|Any CPU.ActiveCfg = Release|Any CPU
		{1A02F9EB-0052-45BD-8D17-D27E4CC4CB13}.Release|Any CPU.Build.0 = Release|Any CPU
	EndGlobalSection
EndGlobal
